
Microsoft Visual Studio Solution File, Format Version 12.00
# Visual Studio Version 17
VisualStudioVersion = 17.0.31903.59
MinimumVisualStudioVersion = 10.0.40219.1
Project("{FAE04EC0-301F-11D3-BF4B-00C04F79EFBC}") = "FinTrack.AI", "FinTrack.AI\FinTrack.AI.csproj", "{570A5D43-166F-4555-9A25-242F44F652AA}"
EndProject
Project("{FAE04EC0-301F-11D3-BF4B-00C04F79EFBC}") = "FinTrack.Console", "FinTrack.Console\FinTrack.Console.csproj", "{A72AEBFE-64CE-4DF9-B0DC-91DBEEFDDE99}"
EndProject
Project("{E53339B2-1760-4266-BCC7-CA923CBCF16C}") = "docker-compose", "docker-compose.dcproj", "{154022E1-8C4A-4B77-9C01-3A3E5F1E2D3B}"
EndProject
Global
	GlobalSection(SolutionConfigurationPlatforms) = preSolution
		Debug|Any CPU = Debug|Any CPU
		Debug|x64 = Debug|x64
		Debug|x86 = Debug|x86
		Release|Any CPU = Release|Any CPU
		Release|x64 = Release|x64
		Release|x86 = Release|x86
	EndGlobalSection
	GlobalSection(ProjectConfigurationPlatforms) = postSolution
		{570A5D43-166F-4555-9A25-242F44F652AA}.Debug|Any CPU.ActiveCfg = Debug|Any CPU
		{570A5D43-166F-4555-9A25-242F44F652AA}.Debug|Any CPU.Build.0 = Debug|Any CPU
		{570A5D43-166F-4555-9A25-242F44F652AA}.Debug|x64.ActiveCfg = Debug|Any CPU
		{570A5D43-166F-4555-9A25-242F44F652AA}.Debug|x64.Build.0 = Debug|Any CPU
		{570A5D43-166F-4555-9A25-242F44F652AA}.Debug|x86.ActiveCfg = Debug|Any CPU
		{570A5D43-166F-4555-9A25-242F44F652AA}.Debug|x86.Build.0 = Debug|Any CPU
		{570A5D43-166F-4555-9A25-242F44F652AA}.Release|Any CPU.ActiveCfg = Release|Any CPU
		{570A5D43-166F-4555-9A25-242F44F652AA}.Release|Any CPU.Build.0 = Release|Any CPU
		{570A5D43-166F-4555-9A25-242F44F652AA}.Release|x64.ActiveCfg = Release|Any CPU
		{570A5D43-166F-4555-9A25-242F44F652AA}.Release|x64.Build.0 = Release|Any CPU
		{570A5D43-166F-4555-9A25-242F44F652AA}.Release|x86.ActiveCfg = Release|Any CPU
		{570A5D43-166F-4555-9A25-242F44F652AA}.Release|x86.Build.0 = Release|Any CPU
		{A72AEBFE-64CE-4DF9-B0DC-91DBEEFDDE99}.Debug|Any CPU.ActiveCfg = Debug|Any CPU
		{A72AEBFE-64CE-4DF9-B0DC-91DBEEFDDE99}.Debug|Any CPU.Build.0 = Debug|Any CPU
		{A72AEBFE-64CE-4DF9-B0DC-91DBEEFDDE99}.Debug|x64.ActiveCfg = Debug|Any CPU
		{A72AEBFE-64CE-4DF9-B0DC-91DBEEFDDE99}.Debug|x64.Build.0 = Debug|Any CPU
		{A72AEBFE-64CE-4DF9-B0DC-91DBEEFDDE99}.Debug|x86.ActiveCfg = Debug|Any CPU
		{A72AEBFE-64CE-4DF9-B0DC-91DBEEFDDE99}.Debug|x86.Build.0 = Debug|Any CPU
		{A72AEBFE-64CE-4DF9-B0DC-91DBEEFDDE99}.Release|Any CPU.ActiveCfg = Release|Any CPU
		{A72AEBFE-64CE-4DF9-B0DC-91DBEEFDDE99}.Release|Any CPU.Build.0 = Release|Any CPU
		{A72AEBFE-64CE-4DF9-B0DC-91DBEEFDDE99}.Release|x64.ActiveCfg = Release|Any CPU
		{A72AEBFE-64CE-4DF9-B0DC-91DBEEFDDE99}.Release|x64.Build.0 = Release|Any CPU
		{A72AEBFE-64CE-4DF9-B0DC-91DBEEFDDE99}.Release|x86.ActiveCfg = Release|Any CPU
		{A72AEBFE-64CE-4DF9-B0DC-91DBEEFDDE99}.Release|x86.Build.0 = Release|Any CPU
		{154022E1-8C4A-4B77-9C01-3A3E5F1E2D3B}.Debug|Any CPU.ActiveCfg = Debug|Any CPU
		{154022E1-8C4A-4B77-9C01-3A3E5F1E2D3B}.Debug|x64.ActiveCfg = Debug|Any CPU
		{154022E1-8C4A-4B77-9C01-3A3E5F1E2D3B}.Debug|x86.ActiveCfg = Debug|Any CPU
		{154022E1-8C4A-4B77-9C01-3A3E5F1E2D3B}.Release|Any CPU.ActiveCfg = Release|Any CPU
		{154022E1-8C4A-4B77-9C01-3A3E5F1E2D3B}.Release|x64.ActiveCfg = Release|Any CPU
		{154022E1-8C4A-4B77-9C01-3A3E5F1E2D3B}.Release|x86.ActiveCfg = Release|Any CPU
	EndGlobalSection
	GlobalSection(SolutionProperties) = preSolution
		HideSolutionNode = FALSE
	EndGlobalSection
EndGlobal
